
Microsoft Visual Studio Solution File, Format Version 12.00
# Visual Studio 2012
Project("{8BC9CEB8-8B4A-11D0-8D11-00A0C91BC942}") = "glslShader", "glslShader.vcxproj", "{3076AC03-7DDB-4089-9DB7-7F810CAC7550}"
EndProject
Global
	GlobalSection(SolutionConfigurationPlatforms) = preSolution
		Debug|Win32 = Debug|Win32
		Release|Win32 = Release|Win32
	EndGlobalSection
	GlobalSection(ProjectConfigurationPlatforms) = postSolution
		{3076AC03-7DDB-4089-9DB7-7F810CAC7550}.Debug|Win32.ActiveCfg = Debug|Win32
		{3076AC03-7DDB-4089-9DB7-7F810CAC7550}.Debug|Win32.Build.0 = Debug|Win32
		{3076AC03-7DDB-4089-9DB7-7F810CAC7550}.Release|Win32.ActiveCfg = Release|Win32
		{3076AC03-7DDB-4089-9DB7-7F810CAC7550}.Release|Win32.Build.0 = Release|Win32
	EndGlobalSection
	GlobalSection(SolutionProperties) = preSolution
		HideSolutionNode = FALSE
	EndGlobalSection
EndGlobal
